{
    "version": 3,
    "terraform_version": "0.11.6",
    "serial": 30,
    "lineage": "3695ec33-e2ef-9e64-f7a8-a616a263be89",
    "modules": [
        {
            "path": [
                "root"
            ],
            "outputs": {
                "ip": {
                    "sensitive": false,
                    "type": "string",
                    "value": "54.245.207.38"
                }
            },
            "resources": {
                "aws_eip.ip": {
                    "type": "aws_eip",
                    "depends_on": [
                        "aws_instance.web"
                    ],
                    "primary": {
                        "id": "eipalloc-8e66d3b2",
                        "attributes": {
                            "association_id": "eipassoc-6c8f0f90",
                            "domain": "vpc",
                            "id": "eipalloc-8e66d3b2",
                            "instance": "i-05580bb94a91e120c",
                            "network_interface": "eni-a808028f",
                            "private_ip": "172.31.29.141",
                            "public_ip": "54.245.207.38",
                            "tags.%": "0",
                            "vpc": "true"
                        },
                        "meta": {
                            "e2bfb730-ecaa-11e6-8f88-34363bc7c4c0": {
                                "delete": 180000000000,
                                "read": 900000000000,
                                "update": 300000000000
                            }
                        },
                        "tainted": false
                    },
                    "deposed": [],
                    "provider": "provider.aws"
                },
                "aws_instance.web": {
                    "type": "aws_instance",
                    "depends_on": [
                        "aws_network_interface.net"
                    ],
                    "primary": {
                        "id": "i-05580bb94a91e120c",
                        "attributes": {
                            "ami": "ami-d874e0a0",
                            "associate_public_ip_address": "true",
                            "availability_zone": "us-west-2a",
                            "disable_api_termination": "false",
                            "ebs_block_device.#": "0",
                            "ebs_optimized": "false",
                            "ephemeral_block_device.#": "0",
                            "get_password_data": "false",
                            "iam_instance_profile": "",
                            "id": "i-05580bb94a91e120c",
                            "instance_state": "running",
                            "instance_type": "t2.micro",
                            "ipv6_addresses.#": "0",
                            "key_name": "praveen",
                            "monitoring": "false",
                            "network_interface.#": "1",
                            "network_interface.2802986227.delete_on_termination": "false",
                            "network_interface.2802986227.device_index": "0",
                            "network_interface.2802986227.network_interface_id": "eni-a808028f",
                            "network_interface_id": "eni-a808028f",
                            "password_data": "",
                            "placement_group": "",
                            "primary_network_interface_id": "eni-a808028f",
                            "private_dns": "ip-172-31-29-141.us-west-2.compute.internal",
                            "private_ip": "172.31.29.141",
                            "public_dns": "ec2-54-202-155-21.us-west-2.compute.amazonaws.com",
                            "public_ip": "54.202.155.21",
                            "root_block_device.#": "1",
                            "root_block_device.0.delete_on_termination": "true",
                            "root_block_device.0.iops": "100",
                            "root_block_device.0.volume_id": "vol-007b777c033b4fd94",
                            "root_block_device.0.volume_size": "8",
                            "root_block_device.0.volume_type": "gp2",
                            "security_groups.#": "1",
                            "security_groups.2118729960": "allow",
                            "source_dest_check": "true",
                            "subnet_id": "subnet-49bed32d",
                            "tags.%": "0",
                            "tenancy": "default",
                            "volume_tags.%": "0",
                            "vpc_security_group_ids.#": "1",
                            "vpc_security_group_ids.3975015905": "sg-02e3527c"
                        },
                        "meta": {
                            "e2bfb730-ecaa-11e6-8f88-34363bc7c4c0": {
                                "create": 600000000000,
                                "delete": 1200000000000,
                                "update": 600000000000
                            },
                            "schema_version": "1"
                        },
                        "tainted": false
                    },
                    "deposed": [],
                    "provider": "provider.aws"
                },
                "aws_network_interface.net": {
                    "type": "aws_network_interface",
                    "depends_on": [],
                    "primary": {
                        "id": "eni-a808028f",
                        "attributes": {
                            "attachment.#": "0",
                            "description": "",
                            "id": "eni-a808028f",
                            "private_dns_name": "ip-172-31-29-141.us-west-2.compute.internal",
                            "private_ip": "172.31.29.141",
                            "private_ips.#": "1",
                            "private_ips.1070749982": "172.31.29.141",
                            "security_groups.#": "1",
                            "security_groups.3975015905": "sg-02e3527c",
                            "source_dest_check": "true",
                            "subnet_id": "subnet-49bed32d",
                            "tags.%": "0"
                        },
                        "meta": {},
                        "tainted": false
                    },
                    "deposed": [],
                    "provider": "provider.aws"
                }
            },
            "depends_on": []
        }
    ]
}
